
Microsoft Visual Studio Solution File, Format Version 11.00
# Visual Studio 2010
Project("{FAE04EC0-301F-11D3-BF4B-00C04F79EFBC}") = "MagicMongoDBTool", "MagicMongoDBTool\MagicMongoDBTool.csproj", "{08ED1E3B-366B-42EF-B795-0FF1BDAA0B7A}"
EndProject
Project("{FAE04EC0-301F-11D3-BF4B-00C04F79EFBC}") = "QLFUI", "QLFUI\QLFUI.csproj", "{0858850B-3B29-405C-A2B7-9DBF093CF219}"
EndProject
Project("{FAE04EC0-301F-11D3-BF4B-00C04F79EFBC}") = "GUIResource", "GUIResource\GUIResource.csproj", "{289AB578-8AAF-4DA2-88C6-8C34FBE0963F}"
EndProject
Global
	GlobalSection(SolutionConfigurationPlatforms) = preSolution
		Debug|Any CPU = Debug|Any CPU
		Debug|Mixed Platforms = Debug|Mixed Platforms
		Debug|x86 = Debug|x86
		Release|Any CPU = Release|Any CPU
		Release|Mixed Platforms = Release|Mixed Platforms
		Release|x86 = Release|x86
	EndGlobalSection
	GlobalSection(ProjectConfigurationPlatforms) = postSolution
		{0858850B-3B29-405C-A2B7-9DBF093CF219}.Debug|Any CPU.ActiveCfg = Debug|Any CPU
		{0858850B-3B29-405C-A2B7-9DBF093CF219}.Debug|Any CPU.Build.0 = Debug|Any CPU
		{0858850B-3B29-405C-A2B7-9DBF093CF219}.Debug|Mixed Platforms.ActiveCfg = Debug|Any CPU
		{0858850B-3B29-405C-A2B7-9DBF093CF219}.Debug|Mixed Platforms.Build.0 = Debug|Any CPU
		{0858850B-3B29-405C-A2B7-9DBF093CF219}.Debug|x86.ActiveCfg = Debug|Any CPU
		{0858850B-3B29-405C-A2B7-9DBF093CF219}.Debug|x86.Build.0 = Debug|Any CPU
		{0858850B-3B29-405C-A2B7-9DBF093CF219}.Release|Any CPU.ActiveCfg = Release|Any CPU
		{0858850B-3B29-405C-A2B7-9DBF093CF219}.Release|Any CPU.Build.0 = Release|Any CPU
		{0858850B-3B29-405C-A2B7-9DBF093CF219}.Release|Mixed Platforms.ActiveCfg = Release|Any CPU
		{0858850B-3B29-405C-A2B7-9DBF093CF219}.Release|Mixed Platforms.Build.0 = Release|Any CPU
		{0858850B-3B29-405C-A2B7-9DBF093CF219}.Release|x86.ActiveCfg = Release|Any CPU
		{08ED1E3B-366B-42EF-B795-0FF1BDAA0B7A}.Debug|Any CPU.ActiveCfg = Debug|x86
		{08ED1E3B-366B-42EF-B795-0FF1BDAA0B7A}.Debug|Any CPU.Build.0 = Debug|x86
		{08ED1E3B-366B-42EF-B795-0FF1BDAA0B7A}.Debug|Mixed Platforms.ActiveCfg = Debug|x86
		{08ED1E3B-366B-42EF-B795-0FF1BDAA0B7A}.Debug|Mixed Platforms.Build.0 = Debug|x86
		{08ED1E3B-366B-42EF-B795-0FF1BDAA0B7A}.Debug|x86.ActiveCfg = Debug|x86
		{08ED1E3B-366B-42EF-B795-0FF1BDAA0B7A}.Debug|x86.Build.0 = Debug|x86
		{08ED1E3B-366B-42EF-B795-0FF1BDAA0B7A}.Release|Any CPU.ActiveCfg = Release|x86
		{08ED1E3B-366B-42EF-B795-0FF1BDAA0B7A}.Release|Mixed Platforms.ActiveCfg = Release|x86
		{08ED1E3B-366B-42EF-B795-0FF1BDAA0B7A}.Release|Mixed Platforms.Build.0 = Release|x86
		{08ED1E3B-366B-42EF-B795-0FF1BDAA0B7A}.Release|x86.ActiveCfg = Release|x86
		{08ED1E3B-366B-42EF-B795-0FF1BDAA0B7A}.Release|x86.Build.0 = Release|x86
		{289AB578-8AAF-4DA2-88C6-8C34FBE0963F}.Debug|Any CPU.ActiveCfg = Debug|Any CPU
		{289AB578-8AAF-4DA2-88C6-8C34FBE0963F}.Debug|Any CPU.Build.0 = Debug|Any CPU
		{289AB578-8AAF-4DA2-88C6-8C34FBE0963F}.Debug|Mixed Platforms.ActiveCfg = Debug|Any CPU
		{289AB578-8AAF-4DA2-88C6-8C34FBE0963F}.Debug|Mixed Platforms.Build.0 = Debug|Any CPU
		{289AB578-8AAF-4DA2-88C6-8C34FBE0963F}.Debug|x86.ActiveCfg = Debug|Any CPU
		{289AB578-8AAF-4DA2-88C6-8C34FBE0963F}.Debug|x86.Build.0 = Debug|Any CPU
		{289AB578-8AAF-4DA2-88C6-8C34FBE0963F}.Release|Any CPU.ActiveCfg = Release|Any CPU
		{289AB578-8AAF-4DA2-88C6-8C34FBE0963F}.Release|Any CPU.Build.0 = Release|Any CPU
		{289AB578-8AAF-4DA2-88C6-8C34FBE0963F}.Release|Mixed Platforms.ActiveCfg = Release|Any CPU
		{289AB578-8AAF-4DA2-88C6-8C34FBE0963F}.Release|Mixed Platforms.Build.0 = Release|Any CPU
		{289AB578-8AAF-4DA2-88C6-8C34FBE0963F}.Release|x86.ActiveCfg = Release|Any CPU
	EndGlobalSection
	GlobalSection(MonoDevelopProperties) = preSolution
		StartupItem = MagicMongoDBTool\MagicMongoDBTool.csproj
	EndGlobalSection
	GlobalSection(SolutionProperties) = preSolution
		HideSolutionNode = FALSE
	EndGlobalSection
EndGlobal
