
Microsoft Visual Studio Solution File, Format Version 12.00
# Visual Studio 15
VisualStudioVersion = 15.0.25920.0
MinimumVisualStudioVersion = 10.0.40219.1
Project("{FAE04EC0-301F-11D3-BF4B-00C04F79EFBC}") = "MongoUtilityStandard", "MongoUtilityStandard\MongoUtilityStandard.csproj", "{2BA470AD-29D7-488D-9F0F-9951A50EC8F1}"
EndProject
Project("{9A19103F-16F7-4668-BE54-9A1E7A4F7556}") = "MongoColaWebAdmin", "MongoColaWebAdmin\MongoColaWebAdmin.csproj", "{A65ABD5E-F38E-4AD3-8B7A-F856697D3032}"
EndProject
Global
	GlobalSection(SolutionConfigurationPlatforms) = preSolution
		Debug|Any CPU = Debug|Any CPU
		Debug|x64 = Debug|x64
		Debug|x86 = Debug|x86
		Release|Any CPU = Release|Any CPU
		Release|x64 = Release|x64
		Release|x86 = Release|x86
	EndGlobalSection
	GlobalSection(ProjectConfigurationPlatforms) = postSolution
		{2BA470AD-29D7-488D-9F0F-9951A50EC8F1}.Debug|Any CPU.ActiveCfg = Debug|Any CPU
		{2BA470AD-29D7-488D-9F0F-9951A50EC8F1}.Debug|Any CPU.Build.0 = Debug|Any CPU
		{2BA470AD-29D7-488D-9F0F-9951A50EC8F1}.Debug|x64.ActiveCfg = Debug|x64
		{2BA470AD-29D7-488D-9F0F-9951A50EC8F1}.Debug|x64.Build.0 = Debug|x64
		{2BA470AD-29D7-488D-9F0F-9951A50EC8F1}.Debug|x86.ActiveCfg = Debug|Any CPU
		{2BA470AD-29D7-488D-9F0F-9951A50EC8F1}.Debug|x86.Build.0 = Debug|Any CPU
		{2BA470AD-29D7-488D-9F0F-9951A50EC8F1}.Release|Any CPU.ActiveCfg = Release|Any CPU
		{2BA470AD-29D7-488D-9F0F-9951A50EC8F1}.Release|Any CPU.Build.0 = Release|Any CPU
		{2BA470AD-29D7-488D-9F0F-9951A50EC8F1}.Release|x64.ActiveCfg = Release|x64
		{2BA470AD-29D7-488D-9F0F-9951A50EC8F1}.Release|x64.Build.0 = Release|x64
		{2BA470AD-29D7-488D-9F0F-9951A50EC8F1}.Release|x86.ActiveCfg = Release|Any CPU
		{2BA470AD-29D7-488D-9F0F-9951A50EC8F1}.Release|x86.Build.0 = Release|Any CPU
		{A65ABD5E-F38E-4AD3-8B7A-F856697D3032}.Debug|Any CPU.ActiveCfg = Debug|Any CPU
		{A65ABD5E-F38E-4AD3-8B7A-F856697D3032}.Debug|Any CPU.Build.0 = Debug|Any CPU
		{A65ABD5E-F38E-4AD3-8B7A-F856697D3032}.Debug|x64.ActiveCfg = Debug|x64
		{A65ABD5E-F38E-4AD3-8B7A-F856697D3032}.Debug|x64.Build.0 = Debug|x64
		{A65ABD5E-F38E-4AD3-8B7A-F856697D3032}.Debug|x86.ActiveCfg = Debug|x86
		{A65ABD5E-F38E-4AD3-8B7A-F856697D3032}.Debug|x86.Build.0 = Debug|x86
		{A65ABD5E-F38E-4AD3-8B7A-F856697D3032}.Release|Any CPU.ActiveCfg = Release|Any CPU
		{A65ABD5E-F38E-4AD3-8B7A-F856697D3032}.Release|Any CPU.Build.0 = Release|Any CPU
		{A65ABD5E-F38E-4AD3-8B7A-F856697D3032}.Release|x64.ActiveCfg = Release|x64
		{A65ABD5E-F38E-4AD3-8B7A-F856697D3032}.Release|x64.Build.0 = Release|x64
		{A65ABD5E-F38E-4AD3-8B7A-F856697D3032}.Release|x86.ActiveCfg = Release|x86
		{A65ABD5E-F38E-4AD3-8B7A-F856697D3032}.Release|x86.Build.0 = Release|x86
	EndGlobalSection
	GlobalSection(SolutionProperties) = preSolution
		HideSolutionNode = FALSE
	EndGlobalSection
EndGlobal
