
Microsoft Visual Studio Solution File, Format Version 12.00
# Visual Studio 14
VisualStudioVersion = 14.0.25123.0
MinimumVisualStudioVersion = 10.0.40219.1
Project("{2150E333-8FDC-42A3-9474-1A3956D46DE8}") = "Assistant", "Assistant", "{C2CB64A9-4560-43A1-AAB3-B61451A6551B}"
EndProject
Project("{FAE04EC0-301F-11D3-BF4B-00C04F79EFBC}") = "MongoUtility", "MongoUtility\MongoUtility.csproj", "{56D74944-4B20-4941-BC67-72A8E57E5A02}"
EndProject
Project("{FAE04EC0-301F-11D3-BF4B-00C04F79EFBC}") = "PlugInPackage", "PlugInPackage\PlugInPackage.csproj", "{0D765082-CFF4-4BDC-8106-9281DA9D0BB4}"
EndProject
Project("{FAE04EC0-301F-11D3-BF4B-00C04F79EFBC}") = "ResourceLib", "ResourceLib\ResourceLib.csproj", "{5AC3B529-8E37-4D99-99E9-729603E3BB5E}"
EndProject
Project("{FAE04EC0-301F-11D3-BF4B-00C04F79EFBC}") = "Common", "Common\Common.csproj", "{40495682-C452-41C4-B2AE-8C60D7743BC9}"
EndProject
Project("{2150E333-8FDC-42A3-9474-1A3956D46DE8}") = "Winform", "Winform", "{EB6F6C93-B2FA-451B-9799-10C6B15FD053}"
EndProject
Project("{FAE04EC0-301F-11D3-BF4B-00C04F79EFBC}") = "MongoCola", "MongoCola\MongoCola.csproj", "{08ED1E3B-366B-42EF-B795-0FF1BDAA0B7A}"
EndProject
Project("{FAE04EC0-301F-11D3-BF4B-00C04F79EFBC}") = "MongoGUICtl", "MongoGUICtl\MongoGUICtl.csproj", "{EC2826B3-7033-4F9B-B52A-BD1CA85F583B}"
EndProject
Project("{FAE04EC0-301F-11D3-BF4B-00C04F79EFBC}") = "MongoGUIView", "MongoGUIView\MongoGUIView.csproj", "{E71AF267-0DFD-4E71-94A7-48F40793CEEF}"
EndProject
Project("{FAE04EC0-301F-11D3-BF4B-00C04F79EFBC}") = "FunctionForm", "FunctionForm\FunctionForm.csproj", "{564926F7-427A-412C-8DE0-967E9D082A84}"
EndProject
Project("{2150E333-8FDC-42A3-9474-1A3956D46DE8}") = "ExternalTools", "ExternalTools", "{7FAD8638-E410-46A0-8B32-DCDD29D3CB57}"
EndProject
Project("{FAE04EC0-301F-11D3-BF4B-00C04F79EFBC}") = "ConfigurationFile", "ConfigurationFile\ConfigurationFile.csproj", "{C2578125-FE64-43A0-B43B-9830714C988A}"
EndProject
Project("{FAE04EC0-301F-11D3-BF4B-00C04F79EFBC}") = "MultiLanEditor", "MultiLanEditor\MultiLanEditor.csproj", "{A57B7879-6935-4C45-AEC0-8B2C2E7AB5EF}"
EndProject
Project("{2150E333-8FDC-42A3-9474-1A3956D46DE8}") = "Solution Items", "Solution Items", "{DCF84DFC-72F4-4A63-9CF1-80E764305390}"
	ProjectSection(SolutionItems) = preProject
		readme.md = readme.md
	EndProjectSection
EndProject
Global
	GlobalSection(SolutionConfigurationPlatforms) = preSolution
		Debug|Any CPU = Debug|Any CPU
		Debug|Mixed Platforms = Debug|Mixed Platforms
		Debug|x86 = Debug|x86
		Release|Any CPU = Release|Any CPU
		Release|Mixed Platforms = Release|Mixed Platforms
		Release|x86 = Release|x86
	EndGlobalSection
	GlobalSection(ProjectConfigurationPlatforms) = postSolution
		{56D74944-4B20-4941-BC67-72A8E57E5A02}.Debug|Any CPU.ActiveCfg = Debug|Any CPU
		{56D74944-4B20-4941-BC67-72A8E57E5A02}.Debug|Any CPU.Build.0 = Debug|Any CPU
		{56D74944-4B20-4941-BC67-72A8E57E5A02}.Debug|Mixed Platforms.ActiveCfg = Debug|Any CPU
		{56D74944-4B20-4941-BC67-72A8E57E5A02}.Debug|Mixed Platforms.Build.0 = Debug|Any CPU
		{56D74944-4B20-4941-BC67-72A8E57E5A02}.Debug|x86.ActiveCfg = Debug|x86
		{56D74944-4B20-4941-BC67-72A8E57E5A02}.Debug|x86.Build.0 = Debug|x86
		{56D74944-4B20-4941-BC67-72A8E57E5A02}.Release|Any CPU.ActiveCfg = Release|Any CPU
		{56D74944-4B20-4941-BC67-72A8E57E5A02}.Release|Any CPU.Build.0 = Release|Any CPU
		{56D74944-4B20-4941-BC67-72A8E57E5A02}.Release|Mixed Platforms.ActiveCfg = Release|x86
		{56D74944-4B20-4941-BC67-72A8E57E5A02}.Release|Mixed Platforms.Build.0 = Release|x86
		{56D74944-4B20-4941-BC67-72A8E57E5A02}.Release|x86.ActiveCfg = Release|x86
		{56D74944-4B20-4941-BC67-72A8E57E5A02}.Release|x86.Build.0 = Release|x86
		{0D765082-CFF4-4BDC-8106-9281DA9D0BB4}.Debug|Any CPU.ActiveCfg = Debug|Any CPU
		{0D765082-CFF4-4BDC-8106-9281DA9D0BB4}.Debug|Any CPU.Build.0 = Debug|Any CPU
		{0D765082-CFF4-4BDC-8106-9281DA9D0BB4}.Debug|Mixed Platforms.ActiveCfg = Debug|Any CPU
		{0D765082-CFF4-4BDC-8106-9281DA9D0BB4}.Debug|Mixed Platforms.Build.0 = Debug|Any CPU
		{0D765082-CFF4-4BDC-8106-9281DA9D0BB4}.Debug|x86.ActiveCfg = Debug|x86
		{0D765082-CFF4-4BDC-8106-9281DA9D0BB4}.Debug|x86.Build.0 = Debug|x86
		{0D765082-CFF4-4BDC-8106-9281DA9D0BB4}.Release|Any CPU.ActiveCfg = Release|Any CPU
		{0D765082-CFF4-4BDC-8106-9281DA9D0BB4}.Release|Any CPU.Build.0 = Release|Any CPU
		{0D765082-CFF4-4BDC-8106-9281DA9D0BB4}.Release|Mixed Platforms.ActiveCfg = Release|x86
		{0D765082-CFF4-4BDC-8106-9281DA9D0BB4}.Release|Mixed Platforms.Build.0 = Release|x86
		{0D765082-CFF4-4BDC-8106-9281DA9D0BB4}.Release|x86.ActiveCfg = Release|x86
		{0D765082-CFF4-4BDC-8106-9281DA9D0BB4}.Release|x86.Build.0 = Release|x86
		{5AC3B529-8E37-4D99-99E9-729603E3BB5E}.Debug|Any CPU.ActiveCfg = Debug|Any CPU
		{5AC3B529-8E37-4D99-99E9-729603E3BB5E}.Debug|Any CPU.Build.0 = Debug|Any CPU
		{5AC3B529-8E37-4D99-99E9-729603E3BB5E}.Debug|Mixed Platforms.ActiveCfg = Debug|Any CPU
		{5AC3B529-8E37-4D99-99E9-729603E3BB5E}.Debug|Mixed Platforms.Build.0 = Debug|Any CPU
		{5AC3B529-8E37-4D99-99E9-729603E3BB5E}.Debug|x86.ActiveCfg = Debug|Any CPU
		{5AC3B529-8E37-4D99-99E9-729603E3BB5E}.Release|Any CPU.ActiveCfg = Release|Any CPU
		{5AC3B529-8E37-4D99-99E9-729603E3BB5E}.Release|Any CPU.Build.0 = Release|Any CPU
		{5AC3B529-8E37-4D99-99E9-729603E3BB5E}.Release|Mixed Platforms.ActiveCfg = Release|Any CPU
		{5AC3B529-8E37-4D99-99E9-729603E3BB5E}.Release|Mixed Platforms.Build.0 = Release|Any CPU
		{5AC3B529-8E37-4D99-99E9-729603E3BB5E}.Release|x86.ActiveCfg = Release|Any CPU
		{40495682-C452-41C4-B2AE-8C60D7743BC9}.Debug|Any CPU.ActiveCfg = Debug|Any CPU
		{40495682-C452-41C4-B2AE-8C60D7743BC9}.Debug|Any CPU.Build.0 = Debug|Any CPU
		{40495682-C452-41C4-B2AE-8C60D7743BC9}.Debug|Mixed Platforms.ActiveCfg = Debug|Any CPU
		{40495682-C452-41C4-B2AE-8C60D7743BC9}.Debug|Mixed Platforms.Build.0 = Debug|Any CPU
		{40495682-C452-41C4-B2AE-8C60D7743BC9}.Debug|x86.ActiveCfg = Debug|Any CPU
		{40495682-C452-41C4-B2AE-8C60D7743BC9}.Release|Any CPU.ActiveCfg = Release|Any CPU
		{40495682-C452-41C4-B2AE-8C60D7743BC9}.Release|Any CPU.Build.0 = Release|Any CPU
		{40495682-C452-41C4-B2AE-8C60D7743BC9}.Release|Mixed Platforms.ActiveCfg = Release|Any CPU
		{40495682-C452-41C4-B2AE-8C60D7743BC9}.Release|Mixed Platforms.Build.0 = Release|Any CPU
		{40495682-C452-41C4-B2AE-8C60D7743BC9}.Release|x86.ActiveCfg = Release|Any CPU
		{08ED1E3B-366B-42EF-B795-0FF1BDAA0B7A}.Debug|Any CPU.ActiveCfg = Debug|Any CPU
		{08ED1E3B-366B-42EF-B795-0FF1BDAA0B7A}.Debug|Any CPU.Build.0 = Debug|Any CPU
		{08ED1E3B-366B-42EF-B795-0FF1BDAA0B7A}.Debug|Mixed Platforms.ActiveCfg = Debug|x86
		{08ED1E3B-366B-42EF-B795-0FF1BDAA0B7A}.Debug|Mixed Platforms.Build.0 = Debug|x86
		{08ED1E3B-366B-42EF-B795-0FF1BDAA0B7A}.Debug|x86.ActiveCfg = Debug|x86
		{08ED1E3B-366B-42EF-B795-0FF1BDAA0B7A}.Debug|x86.Build.0 = Debug|x86
		{08ED1E3B-366B-42EF-B795-0FF1BDAA0B7A}.Release|Any CPU.ActiveCfg = Release|Any CPU
		{08ED1E3B-366B-42EF-B795-0FF1BDAA0B7A}.Release|Any CPU.Build.0 = Release|Any CPU
		{08ED1E3B-366B-42EF-B795-0FF1BDAA0B7A}.Release|Mixed Platforms.ActiveCfg = Release|x86
		{08ED1E3B-366B-42EF-B795-0FF1BDAA0B7A}.Release|Mixed Platforms.Build.0 = Release|x86
		{08ED1E3B-366B-42EF-B795-0FF1BDAA0B7A}.Release|x86.ActiveCfg = Release|x86
		{08ED1E3B-366B-42EF-B795-0FF1BDAA0B7A}.Release|x86.Build.0 = Release|x86
		{EC2826B3-7033-4F9B-B52A-BD1CA85F583B}.Debug|Any CPU.ActiveCfg = Debug|Any CPU
		{EC2826B3-7033-4F9B-B52A-BD1CA85F583B}.Debug|Any CPU.Build.0 = Debug|Any CPU
		{EC2826B3-7033-4F9B-B52A-BD1CA85F583B}.Debug|Mixed Platforms.ActiveCfg = Debug|Any CPU
		{EC2826B3-7033-4F9B-B52A-BD1CA85F583B}.Debug|Mixed Platforms.Build.0 = Debug|Any CPU
		{EC2826B3-7033-4F9B-B52A-BD1CA85F583B}.Debug|x86.ActiveCfg = Debug|Any CPU
		{EC2826B3-7033-4F9B-B52A-BD1CA85F583B}.Release|Any CPU.ActiveCfg = Release|Any CPU
		{EC2826B3-7033-4F9B-B52A-BD1CA85F583B}.Release|Any CPU.Build.0 = Release|Any CPU
		{EC2826B3-7033-4F9B-B52A-BD1CA85F583B}.Release|Mixed Platforms.ActiveCfg = Release|Any CPU
		{EC2826B3-7033-4F9B-B52A-BD1CA85F583B}.Release|Mixed Platforms.Build.0 = Release|Any CPU
		{EC2826B3-7033-4F9B-B52A-BD1CA85F583B}.Release|x86.ActiveCfg = Release|Any CPU
		{E71AF267-0DFD-4E71-94A7-48F40793CEEF}.Debug|Any CPU.ActiveCfg = Debug|Any CPU
		{E71AF267-0DFD-4E71-94A7-48F40793CEEF}.Debug|Any CPU.Build.0 = Debug|Any CPU
		{E71AF267-0DFD-4E71-94A7-48F40793CEEF}.Debug|Mixed Platforms.ActiveCfg = Debug|Any CPU
		{E71AF267-0DFD-4E71-94A7-48F40793CEEF}.Debug|Mixed Platforms.Build.0 = Debug|Any CPU
		{E71AF267-0DFD-4E71-94A7-48F40793CEEF}.Debug|x86.ActiveCfg = Debug|Any CPU
		{E71AF267-0DFD-4E71-94A7-48F40793CEEF}.Release|Any CPU.ActiveCfg = Release|Any CPU
		{E71AF267-0DFD-4E71-94A7-48F40793CEEF}.Release|Any CPU.Build.0 = Release|Any CPU
		{E71AF267-0DFD-4E71-94A7-48F40793CEEF}.Release|Mixed Platforms.ActiveCfg = Release|Any CPU
		{E71AF267-0DFD-4E71-94A7-48F40793CEEF}.Release|Mixed Platforms.Build.0 = Release|Any CPU
		{E71AF267-0DFD-4E71-94A7-48F40793CEEF}.Release|x86.ActiveCfg = Release|Any CPU
		{564926F7-427A-412C-8DE0-967E9D082A84}.Debug|Any CPU.ActiveCfg = Debug|Any CPU
		{564926F7-427A-412C-8DE0-967E9D082A84}.Debug|Any CPU.Build.0 = Debug|Any CPU
		{564926F7-427A-412C-8DE0-967E9D082A84}.Debug|Mixed Platforms.ActiveCfg = Debug|Any CPU
		{564926F7-427A-412C-8DE0-967E9D082A84}.Debug|Mixed Platforms.Build.0 = Debug|Any CPU
		{564926F7-427A-412C-8DE0-967E9D082A84}.Debug|x86.ActiveCfg = Debug|Any CPU
		{564926F7-427A-412C-8DE0-967E9D082A84}.Release|Any CPU.ActiveCfg = Release|Any CPU
		{564926F7-427A-412C-8DE0-967E9D082A84}.Release|Any CPU.Build.0 = Release|Any CPU
		{564926F7-427A-412C-8DE0-967E9D082A84}.Release|Mixed Platforms.ActiveCfg = Release|Any CPU
		{564926F7-427A-412C-8DE0-967E9D082A84}.Release|Mixed Platforms.Build.0 = Release|Any CPU
		{564926F7-427A-412C-8DE0-967E9D082A84}.Release|x86.ActiveCfg = Release|Any CPU
		{C2578125-FE64-43A0-B43B-9830714C988A}.Debug|Any CPU.ActiveCfg = Debug|Any CPU
		{C2578125-FE64-43A0-B43B-9830714C988A}.Debug|Any CPU.Build.0 = Debug|Any CPU
		{C2578125-FE64-43A0-B43B-9830714C988A}.Debug|Mixed Platforms.ActiveCfg = Debug|Any CPU
		{C2578125-FE64-43A0-B43B-9830714C988A}.Debug|Mixed Platforms.Build.0 = Debug|Any CPU
		{C2578125-FE64-43A0-B43B-9830714C988A}.Debug|x86.ActiveCfg = Debug|Any CPU
		{C2578125-FE64-43A0-B43B-9830714C988A}.Debug|x86.Build.0 = Debug|Any CPU
		{C2578125-FE64-43A0-B43B-9830714C988A}.Release|Any CPU.ActiveCfg = Release|Any CPU
		{C2578125-FE64-43A0-B43B-9830714C988A}.Release|Any CPU.Build.0 = Release|Any CPU
		{C2578125-FE64-43A0-B43B-9830714C988A}.Release|Mixed Platforms.ActiveCfg = Release|Any CPU
		{C2578125-FE64-43A0-B43B-9830714C988A}.Release|Mixed Platforms.Build.0 = Release|Any CPU
		{C2578125-FE64-43A0-B43B-9830714C988A}.Release|x86.ActiveCfg = Release|Any CPU
		{C2578125-FE64-43A0-B43B-9830714C988A}.Release|x86.Build.0 = Release|Any CPU
		{A57B7879-6935-4C45-AEC0-8B2C2E7AB5EF}.Debug|Any CPU.ActiveCfg = Debug|Any CPU
		{A57B7879-6935-4C45-AEC0-8B2C2E7AB5EF}.Debug|Any CPU.Build.0 = Debug|Any CPU
		{A57B7879-6935-4C45-AEC0-8B2C2E7AB5EF}.Debug|Mixed Platforms.ActiveCfg = Debug|Any CPU
		{A57B7879-6935-4C45-AEC0-8B2C2E7AB5EF}.Debug|Mixed Platforms.Build.0 = Debug|Any CPU
		{A57B7879-6935-4C45-AEC0-8B2C2E7AB5EF}.Debug|x86.ActiveCfg = Debug|Any CPU
		{A57B7879-6935-4C45-AEC0-8B2C2E7AB5EF}.Debug|x86.Build.0 = Debug|Any CPU
		{A57B7879-6935-4C45-AEC0-8B2C2E7AB5EF}.Release|Any CPU.ActiveCfg = Release|Any CPU
		{A57B7879-6935-4C45-AEC0-8B2C2E7AB5EF}.Release|Any CPU.Build.0 = Release|Any CPU
		{A57B7879-6935-4C45-AEC0-8B2C2E7AB5EF}.Release|Mixed Platforms.ActiveCfg = Release|Any CPU
		{A57B7879-6935-4C45-AEC0-8B2C2E7AB5EF}.Release|Mixed Platforms.Build.0 = Release|Any CPU
		{A57B7879-6935-4C45-AEC0-8B2C2E7AB5EF}.Release|x86.ActiveCfg = Release|Any CPU
		{A57B7879-6935-4C45-AEC0-8B2C2E7AB5EF}.Release|x86.Build.0 = Release|Any CPU
	EndGlobalSection
	GlobalSection(SolutionProperties) = preSolution
		HideSolutionNode = FALSE
	EndGlobalSection
	GlobalSection(NestedProjects) = preSolution
		{56D74944-4B20-4941-BC67-72A8E57E5A02} = {C2CB64A9-4560-43A1-AAB3-B61451A6551B}
		{0D765082-CFF4-4BDC-8106-9281DA9D0BB4} = {C2CB64A9-4560-43A1-AAB3-B61451A6551B}
		{5AC3B529-8E37-4D99-99E9-729603E3BB5E} = {C2CB64A9-4560-43A1-AAB3-B61451A6551B}
		{40495682-C452-41C4-B2AE-8C60D7743BC9} = {C2CB64A9-4560-43A1-AAB3-B61451A6551B}
		{08ED1E3B-366B-42EF-B795-0FF1BDAA0B7A} = {EB6F6C93-B2FA-451B-9799-10C6B15FD053}
		{EC2826B3-7033-4F9B-B52A-BD1CA85F583B} = {EB6F6C93-B2FA-451B-9799-10C6B15FD053}
		{E71AF267-0DFD-4E71-94A7-48F40793CEEF} = {EB6F6C93-B2FA-451B-9799-10C6B15FD053}
		{564926F7-427A-412C-8DE0-967E9D082A84} = {EB6F6C93-B2FA-451B-9799-10C6B15FD053}
		{C2578125-FE64-43A0-B43B-9830714C988A} = {7FAD8638-E410-46A0-8B32-DCDD29D3CB57}
		{A57B7879-6935-4C45-AEC0-8B2C2E7AB5EF} = {7FAD8638-E410-46A0-8B32-DCDD29D3CB57}
	EndGlobalSection
	GlobalSection(MonoDevelopProperties) = preSolution
		Policies = $0
		$0.DotNetNamingPolicy = $1
		$1.DirectoryNamespaceAssociation = None
		$1.ResourceNamePolicy = FileFormatDefault
	EndGlobalSection
EndGlobal
