
Microsoft Visual Studio Solution File, Format Version 12.00
# Visual Studio 14
VisualStudioVersion = 14.0.22013.1
MinimumVisualStudioVersion = 10.0.40219.1
Project("{FAE04EC0-301F-11D3-BF4B-00C04F79EFBC}") = "Common", "Common\Common.csproj", "{478F9A5B-D22D-477D-8F0F-4D9C42F2797E}"
EndProject
Project("{FAE04EC0-301F-11D3-BF4B-00C04F79EFBC}") = "UnitTest", "UnitTest\UnitTest.csproj", "{645CA3D1-CC89-4697-B4E2-E0694CA6BBA7}"
EndProject
Global
	GlobalSection(SolutionConfigurationPlatforms) = preSolution
		Debug|Any CPU = Debug|Any CPU
		Release|Any CPU = Release|Any CPU
	EndGlobalSection
	GlobalSection(ProjectConfigurationPlatforms) = postSolution
		{478F9A5B-D22D-477D-8F0F-4D9C42F2797E}.Debug|Any CPU.ActiveCfg = Debug|Any CPU
		{478F9A5B-D22D-477D-8F0F-4D9C42F2797E}.Debug|Any CPU.Build.0 = Debug|Any CPU
		{478F9A5B-D22D-477D-8F0F-4D9C42F2797E}.Release|Any CPU.ActiveCfg = Release|Any CPU
		{478F9A5B-D22D-477D-8F0F-4D9C42F2797E}.Release|Any CPU.Build.0 = Release|Any CPU
		{645CA3D1-CC89-4697-B4E2-E0694CA6BBA7}.Debug|Any CPU.ActiveCfg = Debug|Any CPU
		{645CA3D1-CC89-4697-B4E2-E0694CA6BBA7}.Debug|Any CPU.Build.0 = Debug|Any CPU
		{645CA3D1-CC89-4697-B4E2-E0694CA6BBA7}.Release|Any CPU.ActiveCfg = Release|Any CPU
		{645CA3D1-CC89-4697-B4E2-E0694CA6BBA7}.Release|Any CPU.Build.0 = Release|Any CPU
	EndGlobalSection
	GlobalSection(SolutionProperties) = preSolution
		HideSolutionNode = FALSE
	EndGlobalSection
EndGlobal
