
Microsoft Visual Studio Solution File, Format Version 12.00
# Visual Studio 14
VisualStudioVersion = 14.0.22013.1
MinimumVisualStudioVersion = 10.0.40219.1
Project("{FAE04EC0-301F-11D3-BF4B-00C04F79EFBC}") = "MagicMongoDBTool", "MagicMongoDBTool.csproj", "{08ED1E3B-366B-42EF-B795-0FF1BDAA0B7A}"
EndProject
Project("{FAE04EC0-301F-11D3-BF4B-00C04F79EFBC}") = "Common", "..\Common\Common.csproj", "{56D74944-4B20-4941-BC67-72A8E57E5A02}"
EndProject
Project("{FAE04EC0-301F-11D3-BF4B-00C04F79EFBC}") = "ExportToExcel", "..\ExportToExcel\ExportToExcel.csproj", "{4D6E43FC-BECE-46BC-8E12-5C87C50E4220}"
EndProject
Project("{FAE04EC0-301F-11D3-BF4B-00C04F79EFBC}") = "GUI", "..\GUI\GUI.csproj", "{8E604D46-99A8-47A0-A533-D83B2B6A83B9}"
EndProject
Project("{FAE04EC0-301F-11D3-BF4B-00C04F79EFBC}") = "ResourceLib", "..\ResourceLib\ResourceLib.csproj", "{5AC3B529-8E37-4D99-99E9-729603E3BB5E}"
EndProject
Project("{FAE04EC0-301F-11D3-BF4B-00C04F79EFBC}") = "HTTPServer", "..\HTTPServer\HTTPServer.csproj", "{FE7F970B-A096-4EF5-97F9-0ED064993EEB}"
EndProject
Project("{FAE04EC0-301F-11D3-BF4B-00C04F79EFBC}") = "UnitTest", "..\UnitTest\UnitTest.csproj", "{8F04DBD3-A174-4E0D-B8FF-E99E8D969BC8}"
EndProject
Project("{FAE04EC0-301F-11D3-BF4B-00C04F79EFBC}") = "ImportAccessDB", "..\ImportAccessDB\ImportAccessDB.csproj", "{0D765082-CFF4-4BDC-8106-9281DA9D0BB4}"
EndProject
Project("{FAE04EC0-301F-11D3-BF4B-00C04F79EFBC}") = "HRSystem", "..\GMC-HR\HRSystem\HRSystem.csproj", "{AAE4D3B0-BA75-4877-B6A0-49551BA988FD}"
EndProject
Global
	GlobalSection(SolutionConfigurationPlatforms) = preSolution
		Debug|Any CPU = Debug|Any CPU
		Debug|Mixed Platforms = Debug|Mixed Platforms
		Debug|x86 = Debug|x86
		Release|Any CPU = Release|Any CPU
		Release|Mixed Platforms = Release|Mixed Platforms
		Release|x86 = Release|x86
	EndGlobalSection
	GlobalSection(ProjectConfigurationPlatforms) = postSolution
		{08ED1E3B-366B-42EF-B795-0FF1BDAA0B7A}.Debug|Any CPU.ActiveCfg = Debug|x86
		{08ED1E3B-366B-42EF-B795-0FF1BDAA0B7A}.Debug|Mixed Platforms.ActiveCfg = Debug|x86
		{08ED1E3B-366B-42EF-B795-0FF1BDAA0B7A}.Debug|Mixed Platforms.Build.0 = Debug|x86
		{08ED1E3B-366B-42EF-B795-0FF1BDAA0B7A}.Debug|x86.ActiveCfg = Debug|x86
		{08ED1E3B-366B-42EF-B795-0FF1BDAA0B7A}.Debug|x86.Build.0 = Debug|x86
		{08ED1E3B-366B-42EF-B795-0FF1BDAA0B7A}.Release|Any CPU.ActiveCfg = Release|x86
		{08ED1E3B-366B-42EF-B795-0FF1BDAA0B7A}.Release|Mixed Platforms.ActiveCfg = Release|x86
		{08ED1E3B-366B-42EF-B795-0FF1BDAA0B7A}.Release|Mixed Platforms.Build.0 = Release|x86
		{08ED1E3B-366B-42EF-B795-0FF1BDAA0B7A}.Release|x86.ActiveCfg = Release|x86
		{08ED1E3B-366B-42EF-B795-0FF1BDAA0B7A}.Release|x86.Build.0 = Release|x86
		{56D74944-4B20-4941-BC67-72A8E57E5A02}.Debug|Any CPU.ActiveCfg = Debug|Any CPU
		{56D74944-4B20-4941-BC67-72A8E57E5A02}.Debug|Any CPU.Build.0 = Debug|Any CPU
		{56D74944-4B20-4941-BC67-72A8E57E5A02}.Debug|Mixed Platforms.ActiveCfg = Debug|Any CPU
		{56D74944-4B20-4941-BC67-72A8E57E5A02}.Debug|Mixed Platforms.Build.0 = Debug|Any CPU
		{56D74944-4B20-4941-BC67-72A8E57E5A02}.Debug|x86.ActiveCfg = Debug|Any CPU
		{56D74944-4B20-4941-BC67-72A8E57E5A02}.Release|Any CPU.ActiveCfg = Release|Any CPU
		{56D74944-4B20-4941-BC67-72A8E57E5A02}.Release|Any CPU.Build.0 = Release|Any CPU
		{56D74944-4B20-4941-BC67-72A8E57E5A02}.Release|Mixed Platforms.ActiveCfg = Release|Any CPU
		{56D74944-4B20-4941-BC67-72A8E57E5A02}.Release|Mixed Platforms.Build.0 = Release|Any CPU
		{56D74944-4B20-4941-BC67-72A8E57E5A02}.Release|x86.ActiveCfg = Release|Any CPU
		{4D6E43FC-BECE-46BC-8E12-5C87C50E4220}.Debug|Any CPU.ActiveCfg = Debug|Any CPU
		{4D6E43FC-BECE-46BC-8E12-5C87C50E4220}.Debug|Any CPU.Build.0 = Debug|Any CPU
		{4D6E43FC-BECE-46BC-8E12-5C87C50E4220}.Debug|Mixed Platforms.ActiveCfg = Debug|Any CPU
		{4D6E43FC-BECE-46BC-8E12-5C87C50E4220}.Debug|Mixed Platforms.Build.0 = Debug|Any CPU
		{4D6E43FC-BECE-46BC-8E12-5C87C50E4220}.Debug|x86.ActiveCfg = Debug|Any CPU
		{4D6E43FC-BECE-46BC-8E12-5C87C50E4220}.Release|Any CPU.ActiveCfg = Release|Any CPU
		{4D6E43FC-BECE-46BC-8E12-5C87C50E4220}.Release|Any CPU.Build.0 = Release|Any CPU
		{4D6E43FC-BECE-46BC-8E12-5C87C50E4220}.Release|Mixed Platforms.ActiveCfg = Release|Any CPU
		{4D6E43FC-BECE-46BC-8E12-5C87C50E4220}.Release|Mixed Platforms.Build.0 = Release|Any CPU
		{4D6E43FC-BECE-46BC-8E12-5C87C50E4220}.Release|x86.ActiveCfg = Release|Any CPU
		{8E604D46-99A8-47A0-A533-D83B2B6A83B9}.Debug|Any CPU.ActiveCfg = Debug|Any CPU
		{8E604D46-99A8-47A0-A533-D83B2B6A83B9}.Debug|Any CPU.Build.0 = Debug|Any CPU
		{8E604D46-99A8-47A0-A533-D83B2B6A83B9}.Debug|Mixed Platforms.ActiveCfg = Debug|Any CPU
		{8E604D46-99A8-47A0-A533-D83B2B6A83B9}.Debug|Mixed Platforms.Build.0 = Debug|Any CPU
		{8E604D46-99A8-47A0-A533-D83B2B6A83B9}.Debug|x86.ActiveCfg = Debug|Any CPU
		{8E604D46-99A8-47A0-A533-D83B2B6A83B9}.Release|Any CPU.ActiveCfg = Release|Any CPU
		{8E604D46-99A8-47A0-A533-D83B2B6A83B9}.Release|Any CPU.Build.0 = Release|Any CPU
		{8E604D46-99A8-47A0-A533-D83B2B6A83B9}.Release|Mixed Platforms.ActiveCfg = Release|Any CPU
		{8E604D46-99A8-47A0-A533-D83B2B6A83B9}.Release|Mixed Platforms.Build.0 = Release|Any CPU
		{8E604D46-99A8-47A0-A533-D83B2B6A83B9}.Release|x86.ActiveCfg = Release|Any CPU
		{5AC3B529-8E37-4D99-99E9-729603E3BB5E}.Debug|Any CPU.ActiveCfg = Debug|Any CPU
		{5AC3B529-8E37-4D99-99E9-729603E3BB5E}.Debug|Any CPU.Build.0 = Debug|Any CPU
		{5AC3B529-8E37-4D99-99E9-729603E3BB5E}.Debug|Mixed Platforms.ActiveCfg = Debug|Any CPU
		{5AC3B529-8E37-4D99-99E9-729603E3BB5E}.Debug|Mixed Platforms.Build.0 = Debug|Any CPU
		{5AC3B529-8E37-4D99-99E9-729603E3BB5E}.Debug|x86.ActiveCfg = Debug|Any CPU
		{5AC3B529-8E37-4D99-99E9-729603E3BB5E}.Release|Any CPU.ActiveCfg = Release|Any CPU
		{5AC3B529-8E37-4D99-99E9-729603E3BB5E}.Release|Any CPU.Build.0 = Release|Any CPU
		{5AC3B529-8E37-4D99-99E9-729603E3BB5E}.Release|Mixed Platforms.ActiveCfg = Release|Any CPU
		{5AC3B529-8E37-4D99-99E9-729603E3BB5E}.Release|Mixed Platforms.Build.0 = Release|Any CPU
		{5AC3B529-8E37-4D99-99E9-729603E3BB5E}.Release|x86.ActiveCfg = Release|Any CPU
		{FE7F970B-A096-4EF5-97F9-0ED064993EEB}.Debug|Any CPU.ActiveCfg = Debug|Any CPU
		{FE7F970B-A096-4EF5-97F9-0ED064993EEB}.Debug|Any CPU.Build.0 = Debug|Any CPU
		{FE7F970B-A096-4EF5-97F9-0ED064993EEB}.Debug|Mixed Platforms.ActiveCfg = Debug|Any CPU
		{FE7F970B-A096-4EF5-97F9-0ED064993EEB}.Debug|Mixed Platforms.Build.0 = Debug|Any CPU
		{FE7F970B-A096-4EF5-97F9-0ED064993EEB}.Debug|x86.ActiveCfg = Debug|Any CPU
		{FE7F970B-A096-4EF5-97F9-0ED064993EEB}.Release|Any CPU.ActiveCfg = Release|Any CPU
		{FE7F970B-A096-4EF5-97F9-0ED064993EEB}.Release|Any CPU.Build.0 = Release|Any CPU
		{FE7F970B-A096-4EF5-97F9-0ED064993EEB}.Release|Mixed Platforms.ActiveCfg = Release|Any CPU
		{FE7F970B-A096-4EF5-97F9-0ED064993EEB}.Release|Mixed Platforms.Build.0 = Release|Any CPU
		{FE7F970B-A096-4EF5-97F9-0ED064993EEB}.Release|x86.ActiveCfg = Release|Any CPU
		{8F04DBD3-A174-4E0D-B8FF-E99E8D969BC8}.Debug|Any CPU.ActiveCfg = Debug|Any CPU
		{8F04DBD3-A174-4E0D-B8FF-E99E8D969BC8}.Debug|Any CPU.Build.0 = Debug|Any CPU
		{8F04DBD3-A174-4E0D-B8FF-E99E8D969BC8}.Debug|Mixed Platforms.ActiveCfg = Debug|Any CPU
		{8F04DBD3-A174-4E0D-B8FF-E99E8D969BC8}.Debug|Mixed Platforms.Build.0 = Debug|Any CPU
		{8F04DBD3-A174-4E0D-B8FF-E99E8D969BC8}.Debug|x86.ActiveCfg = Debug|Any CPU
		{8F04DBD3-A174-4E0D-B8FF-E99E8D969BC8}.Release|Any CPU.ActiveCfg = Release|Any CPU
		{8F04DBD3-A174-4E0D-B8FF-E99E8D969BC8}.Release|Any CPU.Build.0 = Release|Any CPU
		{8F04DBD3-A174-4E0D-B8FF-E99E8D969BC8}.Release|Mixed Platforms.ActiveCfg = Release|Any CPU
		{8F04DBD3-A174-4E0D-B8FF-E99E8D969BC8}.Release|Mixed Platforms.Build.0 = Release|Any CPU
		{8F04DBD3-A174-4E0D-B8FF-E99E8D969BC8}.Release|x86.ActiveCfg = Release|Any CPU
		{0D765082-CFF4-4BDC-8106-9281DA9D0BB4}.Debug|Any CPU.ActiveCfg = Debug|Any CPU
		{0D765082-CFF4-4BDC-8106-9281DA9D0BB4}.Debug|Any CPU.Build.0 = Debug|Any CPU
		{0D765082-CFF4-4BDC-8106-9281DA9D0BB4}.Debug|Mixed Platforms.ActiveCfg = Debug|Any CPU
		{0D765082-CFF4-4BDC-8106-9281DA9D0BB4}.Debug|Mixed Platforms.Build.0 = Debug|Any CPU
		{0D765082-CFF4-4BDC-8106-9281DA9D0BB4}.Debug|x86.ActiveCfg = Debug|Any CPU
		{0D765082-CFF4-4BDC-8106-9281DA9D0BB4}.Release|Any CPU.ActiveCfg = Release|Any CPU
		{0D765082-CFF4-4BDC-8106-9281DA9D0BB4}.Release|Any CPU.Build.0 = Release|Any CPU
		{0D765082-CFF4-4BDC-8106-9281DA9D0BB4}.Release|Mixed Platforms.ActiveCfg = Release|Any CPU
		{0D765082-CFF4-4BDC-8106-9281DA9D0BB4}.Release|Mixed Platforms.Build.0 = Release|Any CPU
		{0D765082-CFF4-4BDC-8106-9281DA9D0BB4}.Release|x86.ActiveCfg = Release|Any CPU
		{AAE4D3B0-BA75-4877-B6A0-49551BA988FD}.Debug|Any CPU.ActiveCfg = Debug|Any CPU
		{AAE4D3B0-BA75-4877-B6A0-49551BA988FD}.Debug|Any CPU.Build.0 = Debug|Any CPU
		{AAE4D3B0-BA75-4877-B6A0-49551BA988FD}.Debug|Mixed Platforms.ActiveCfg = Debug|Any CPU
		{AAE4D3B0-BA75-4877-B6A0-49551BA988FD}.Debug|Mixed Platforms.Build.0 = Debug|Any CPU
		{AAE4D3B0-BA75-4877-B6A0-49551BA988FD}.Debug|x86.ActiveCfg = Debug|Any CPU
		{AAE4D3B0-BA75-4877-B6A0-49551BA988FD}.Release|Any CPU.ActiveCfg = Release|Any CPU
		{AAE4D3B0-BA75-4877-B6A0-49551BA988FD}.Release|Any CPU.Build.0 = Release|Any CPU
		{AAE4D3B0-BA75-4877-B6A0-49551BA988FD}.Release|Mixed Platforms.ActiveCfg = Release|Any CPU
		{AAE4D3B0-BA75-4877-B6A0-49551BA988FD}.Release|Mixed Platforms.Build.0 = Release|Any CPU
		{AAE4D3B0-BA75-4877-B6A0-49551BA988FD}.Release|x86.ActiveCfg = Release|Any CPU
	EndGlobalSection
	GlobalSection(SolutionProperties) = preSolution
		HideSolutionNode = FALSE
	EndGlobalSection
EndGlobal
